
Microsoft Visual Studio Solution File, Format Version 12.00
# Visual Studio Version 16
VisualStudioVersion = 16.0.31105.61
MinimumVisualStudioVersion = 10.0.40219.1
Project("{8BC9CEB8-8B4A-11D0-8D11-00A0C91BC942}") = "Gaynite", "hyperpasta.vcxproj", "{A5A25882-3AA8-4A7B-8771-85BBC81E71EC}"
EndProject
Global
	GlobalSection(SolutionConfigurationPlatforms) = preSolution
		Debug|x64 = Debug|x64
		Debug|x86 = Debug|x86
		Release|x64 = Release|x64
		Release|x86 = Release|x86
	EndGlobalSection
	GlobalSection(ProjectConfigurationPlatforms) = postSolution
		{A5A25882-3AA8-4A7B-8771-85BBC81E71EC}.Debug|x64.ActiveCfg = Debug|x64
		{A5A25882-3AA8-4A7B-8771-85BBC81E71EC}.Debug|x64.Build.0 = Debug|x64
		{A5A25882-3AA8-4A7B-8771-85BBC81E71EC}.Debug|x86.ActiveCfg = Debug|Win32
		{A5A25882-3AA8-4A7B-8771-85BBC81E71EC}.Debug|x86.Build.0 = Debug|Win32
		{A5A25882-3AA8-4A7B-8771-85BBC81E71EC}.Release|x64.ActiveCfg = Release|x64
		{A5A25882-3AA8-4A7B-8771-85BBC81E71EC}.Release|x64.Build.0 = Release|x64
		{A5A25882-3AA8-4A7B-8771-85BBC81E71EC}.Release|x86.ActiveCfg = Release|Win32
		{A5A25882-3AA8-4A7B-8771-85BBC81E71EC}.Release|x86.Build.0 = Release|Win32
	EndGlobalSection
	GlobalSection(SolutionProperties) = preSolution
		HideSolutionNode = FALSE
	EndGlobalSection
	GlobalSection(ExtensibilityGlobals) = postSolution
		SolutionGuid = {108EA7DB-B556-4493-BFEE-5F2A4A9BE5CE}
	EndGlobalSection
EndGlobal
